// !$*UTF8*$!
{
	archiveVersion = 1;
	classes = {
	};
	objectVersion = 50;
	objects = {

/* Begin PBXBuildFile section */
		EAC788622151E1280018CBBE /* AppDelegate.swift in Sources */ = {isa = PBXBuildFile; fileRef = EAC788612151E1280018CBBE /* AppDelegate.swift */; };
		EAC788642151E1280018CBBE /* TodoListViewController.swift in Sources */ = {isa = PBXBuildFile; fileRef = EAC788632151E1280018CBBE /* TodoListViewController.swift */; };
		EAC788672151E1280018CBBE /* Main.storyboard in Resources */ = {isa = PBXBuildFile; fileRef = EAC788652151E1280018CBBE /* Main.storyboard */; };
		EAC788692151E12C0018CBBE /* Assets.xcassets in Resources */ = {isa = PBXBuildFile; fileRef = EAC788682151E12C0018CBBE /* Assets.xcassets */; };
		EAC7886C2151E12C0018CBBE /* LaunchScreen.storyboard in Resources */ = {isa = PBXBuildFile; fileRef = EAC7886A2151E12C0018CBBE /* LaunchScreen.storyboard */; };
		EAFDEFFA2152DB3F00E510BA /* Item.swift in Sources */ = {isa = PBXBuildFile; fileRef = EAFDEFF92152DB3F00E510BA /* Item.swift */; };
/* End PBXBuildFile section */

/* Begin PBXFileReference section */
		EAC7885E2151E1280018CBBE /* Done It.app */ = {isa = PBXFileReference; explicitFileType = wrapper.application; includeInIndex = 0; path = "Done It.app"; sourceTree = BUILT_PRODUCTS_DIR; };
		EAC788612151E1280018CBBE /* AppDelegate.swift */ = {isa = PBXFileReference; lastKnownFileType = sourcecode.swift; path = AppDelegate.swift; sourceTree = "<group>"; };
		EAC788632151E1280018CBBE /* TodoListViewController.swift */ = {isa = PBXFileReference; lastKnownFileType = sourcecode.swift; path = TodoListViewController.swift; sourceTree = "<group>"; };
		EAC788662151E1280018CBBE /* Base */ = {isa = PBXFileReference; lastKnownFileType = file.storyboard; name = Base; path = Base.lproj/Main.storyboard; sourceTree = "<group>"; };
		EAC788682151E12C0018CBBE /* Assets.xcassets */ = {isa = PBXFileReference; lastKnownFileType = folder.assetcatalog; path = Assets.xcassets; sourceTree = "<group>"; };
		EAC7886B2151E12C0018CBBE /* Base */ = {isa = PBXFileReference; lastKnownFileType = file.storyboard; name = Base; path = Base.lproj/LaunchScreen.storyboard; sourceTree = "<group>"; };
		EAC7886D2151E12C0018CBBE /* Info.plist */ = {isa = PBXFileReference; lastKnownFileType = text.plist.xml; path = Info.plist; sourceTree = "<group>"; };
		EAFDEFF92152DB3F00E510BA /* Item.swift */ = {isa = PBXFileReference; lastKnownFileType = sourcecode.swift; path = Item.swift; sourceTree = "<group>"; };
/* End PBXFileReference section */

/* Begin PBXFrameworksBuildPhase section */
		EAC7885B2151E1280018CBBE /* Frameworks */ = {
			isa = PBXFrameworksBuildPhase;
			buildActionMask = 2147483647;
			files = (
			);
			runOnlyForDeploymentPostprocessing = 0;
		};
/* End PBXFrameworksBuildPhase section */

/* Begin PBXGroup section */
		EAC788552151E1280018CBBE = {
			isa = PBXGroup;
			children = (
				EAC788602151E1280018CBBE /* Done It */,
				EAC7885F2151E1280018CBBE /* Products */,
			);
			sourceTree = "<group>";
		};
		EAC7885F2151E1280018CBBE /* Products */ = {
			isa = PBXGroup;
			children = (
				EAC7885E2151E1280018CBBE /* Done It.app */,
			);
			name = Products;
			sourceTree = "<group>";
		};
		EAC788602151E1280018CBBE /* Done It */ = {
			isa = PBXGroup;
			children = (
				EAC788612151E1280018CBBE /* AppDelegate.swift */,
				EAFDEFFB2152DB5F00E510BA /* Model */,
				EAFDEFFC2152DB6C00E510BA /* View */,
				EAFDEFFD2152DB7A00E510BA /* Controller */,
				EAFDEFFE2152DBB100E510BA /* Supporting Files */,
				EAC7886D2151E12C0018CBBE /* Info.plist */,
			);
			path = "Done It";
			sourceTree = "<group>";
		};
		EAFDEFFB2152DB5F00E510BA /* Model */ = {
			isa = PBXGroup;
			children = (
				EAFDEFF92152DB3F00E510BA /* Item.swift */,
			);
			path = Model;
			sourceTree = "<group>";
		};
		EAFDEFFC2152DB6C00E510BA /* View */ = {
			isa = PBXGroup;
			children = (
				EAC788652151E1280018CBBE /* Main.storyboard */,
			);
			path = View;
			sourceTree = "<group>";
		};
		EAFDEFFD2152DB7A00E510BA /* Controller */ = {
			isa = PBXGroup;
			children = (
				EAC788632151E1280018CBBE /* TodoListViewController.swift */,
			);
			path = Controller;
			sourceTree = "<group>";
		};
		EAFDEFFE2152DBB100E510BA /* Supporting Files */ = {
			isa = PBXGroup;
			children = (
				EAC788682151E12C0018CBBE /* Assets.xcassets */,
				EAC7886A2151E12C0018CBBE /* LaunchScreen.storyboard */,
			);
			path = "Supporting Files";
			sourceTree = "<group>";
		};
/* End PBXGroup section */

/* Begin PBXNativeTarget section */
		EAC7885D2151E1280018CBBE /* Done It */ = {
			isa = PBXNativeTarget;
			buildConfigurationList = EAC788702151E12C0018CBBE /* Build configuration list for PBXNativeTarget "Done It" */;
			buildPhases = (
				EAC7885A2151E1280018CBBE /* Sources */,
				EAC7885B2151E1280018CBBE /* Frameworks */,
				EAC7885C2151E1280018CBBE /* Resources */,
			);
			buildRules = (
			);
			dependencies = (
			);
			name = "Done It";
			productName = "Done It";
			productReference = EAC7885E2151E1280018CBBE /* Done It.app */;
			productType = "com.apple.product-type.application";
		};
/* End PBXNativeTarget section */

/* Begin PBXProject section */
		EAC788562151E1280018CBBE /* Project object */ = {
			isa = PBXProject;
			attributes = {
				LastSwiftUpdateCheck = 0940;
				LastUpgradeCheck = 0940;
				ORGANIZATIONNAME = "Sydney Beal";
				TargetAttributes = {
					EAC7885D2151E1280018CBBE = {
						CreatedOnToolsVersion = 9.4.1;
					};
				};
			};
			buildConfigurationList = EAC788592151E1280018CBBE /* Build configuration list for PBXProject "Done It" */;
			compatibilityVersion = "Xcode 9.3";
			developmentRegion = en;
			hasScannedForEncodings = 0;
			knownRegions = (
				en,
				Base,
			);
			mainGroup = EAC788552151E1280018CBBE;
			productRefGroup = EAC7885F2151E1280018CBBE /* Products */;
			projectDirPath = "";
			projectRoot = "";
			targets = (
				EAC7885D2151E1280018CBBE /* Done It */,
			);
		};
/* End PBXProject section */

/* Begin PBXResourcesBuildPhase section */
		EAC7885C2151E1280018CBBE /* Resources */ = {
			isa = PBXResourcesBuildPhase;
			buildActionMask = 2147483647;
			files = (
				EAC7886C2151E12C0018CBBE /* LaunchScreen.storyboard in Resources */,
				EAC788692151E12C0018CBBE /* Assets.xcassets in Resources */,
				EAC788672151E1280018CBBE /* Main.storyboard in Resources */,
			);
			runOnlyForDeploymentPostprocessing = 0;
		};
/* End PBXResourcesBuildPhase section */

/* Begin PBXSourcesBuildPhase section */
		EAC7885A2151E1280018CBBE /* Sources */ = {
			isa = PBXSourcesBuildPhase;
			buildActionMask = 2147483647;
			files = (
				EAC788642151E1280018CBBE /* TodoListViewController.swift in Sources */,
				EAFDEFFA2152DB3F00E510BA /* Item.swift in Sources */,
				EAC788622151E1280018CBBE /* AppDelegate.swift in Sources */,
			);
			runOnlyForDeploymentPostprocessing = 0;
		};
/* End PBXSourcesBuildPhase section */

/* Begin PBXVariantGroup section */
		EAC788652151E1280018CBBE /* Main.storyboard */ = {
			isa = PBXVariantGroup;
			children = (
				EAC788662151E1280018CBBE /* Base */,
			);
			name = Main.storyboard;
			sourceTree = "<group>";
		};
		EAC7886A2151E12C0018CBBE /* LaunchScreen.storyboard */ = {
			isa = PBXVariantGroup;
			children = (
				EAC7886B2151E12C0018CBBE /* Base */,
			);
			name = LaunchScreen.storyboard;
			sourceTree = "<group>";
		};
/* End PBXVariantGroup section */

/* Begin XCBuildConfiguration section */
		EAC7886E2151E12C0018CBBE /* Debug */ = {
			isa = XCBuildConfiguration;
			buildSettings = {
				ALWAYS_SEARCH_USER_PATHS = NO;
				CLANG_ANALYZER_NONNULL = YES;
				CLANG_ANALYZER_NUMBER_OBJECT_CONVERSION = YES_AGGRESSIVE;
				CLANG_CXX_LANGUAGE_STANDARD = "gnu++14";
				CLANG_CXX_LIBRARY = "libc++";
				CLANG_ENABLE_MODULES = YES;
				CLANG_ENABLE_OBJC_ARC = YES;
				CLANG_ENABLE_OBJC_WEAK = YES;
				CLANG_WARN_BLOCK_CAPTURE_AUTORELEASING = YES;
				CLANG_WARN_BOOL_CONVERSION = YES;
				CLANG_WARN_COMMA = YES;
				CLANG_WARN_CONSTANT_CONVERSION = YES;
				CLANG_WARN_DEPRECATED_OBJC_IMPLEMENTATIONS = YES;
				CLANG_WARN_DIRECT_OBJC_ISA_USAGE = YES_ERROR;
				CLANG_WARN_DOCUMENTATION_COMMENTS = YES;
				CLANG_WARN_EMPTY_BODY = YES;
				CLANG_WARN_ENUM_CONVERSION = YES;
				CLANG_WARN_INFINITE_RECURSION = YES;
				CLANG_WARN_INT_CONVERSION = YES;
				CLANG_WARN_NON_LITERAL_NULL_CONVERSION = YES;
				CLANG_WARN_OBJC_IMPLICIT_RETAIN_SELF = YES;
				CLANG_WARN_OBJC_LITERAL_CONVERSION = YES;
				CLANG_WARN_OBJC_ROOT_CLASS = YES_ERROR;
				CLANG_WARN_RANGE_LOOP_ANALYSIS = YES;
				CLANG_WARN_STRICT_PROTOTYPES = YES;
				CLANG_WARN_SUSPICIOUS_MOVE = YES;
				CLANG_WARN_UNGUARDED_AVAILABILITY = YES_AGGRESSIVE;
				CLANG_WARN_UNREACHABLE_CODE = YES;
				CLANG_WARN__DUPLICATE_METHOD_MATCH = YES;
				CODE_SIGN_IDENTITY = "iPhone Developer";
				COPY_PHASE_STRIP = NO;
				DEBUG_INFORMATION_FORMAT = dwarf;
				ENABLE_STRICT_OBJC_MSGSEND = YES;
				ENABLE_TESTABILITY = YES;
				GCC_C_LANGUAGE_STANDARD = gnu11;
				GCC_DYNAMIC_NO_PIC = NO;
				GCC_NO_COMMON_BLOCKS = YES;
				GCC_OPTIMIZATION_LEVEL = 0;
				GCC_PREPROCESSOR_DEFINITIONS = (
					"DEBUG=1",
					"$(inherited)",
				);
				GCC_WARN_64_TO_32_BIT_CONVERSION = YES;
				GCC_WARN_ABOUT_RETURN_TYPE = YES_ERROR;
				GCC_WARN_UNDECLARED_SELECTOR = YES;
				GCC_WARN_UNINITIALIZED_AUTOS = YES_AGGRESSIVE;
				GCC_WARN_UNUSED_FUNCTION = YES;
				GCC_WARN_UNUSED_VARIABLE = YES;
				IPHONEOS_DEPLOYMENT_TARGET = 11.4;
				MTL_ENABLE_DEBUG_INFO = YES;
				ONLY_ACTIVE_ARCH = YES;
				SDKROOT = iphoneos;
				SWIFT_ACTIVE_COMPILATION_CONDITIONS = DEBUG;
				SWIFT_OPTIMIZATION_LEVEL = "-Onone";
			};
			name = Debug;
		};
		EAC7886F2151E12C0018CBBE /* Release */ = {
			isa = XCBuildConfiguration;
			buildSettings = {
				ALWAYS_SEARCH_USER_PATHS = NO;
				CLANG_ANALYZER_NONNULL = YES;
				CLANG_ANALYZER_NUMBER_OBJECT_CONVERSION = YES_AGGRESSIVE;
				CLANG_CXX_LANGUAGE_STANDARD = "gnu++14";
				CLANG_CXX_LIBRARY = "libc++";
				CLANG_ENABLE_MODULES = YES;
				CLANG_ENABLE_OBJC_ARC = YES;
				CLANG_ENABLE_OBJC_WEAK = YES;
				CLANG_WARN_BLOCK_CAPTURE_AUTORELEASING = YES;
				CLANG_WARN_BOOL_CONVERSION = YES;
				CLANG_WARN_COMMA = YES;
				CLANG_WARN_CONSTANT_CONVERSION = YES;
				CLANG_WARN_DEPRECATED_OBJC_IMPLEMENTATIONS = YES;
				CLANG_WARN_DIRECT_OBJC_ISA_USAGE = YES_ERROR;
				CLANG_WARN_DOCUMENTATION_COMMENTS = YES;
				CLANG_WARN_EMPTY_BODY = YES;
				CLANG_WARN_ENUM_CONVERSION = YES;
				CLANG_WARN_INFINITE_RECURSION = YES;
				CLANG_WARN_INT_CONVERSION = YES;
				CLANG_WARN_NON_LITERAL_NULL_CONVERSION = YES;
				CLANG_WARN_OBJC_IMPLICIT_RETAIN_SELF = YES;
				CLANG_WARN_OBJC_LITERAL_CONVERSION = YES;
				CLANG_WARN_OBJC_ROOT_CLASS = YES_ERROR;
				CLANG_WARN_RANGE_LOOP_ANALYSIS = YES;
				CLANG_WARN_STRICT_PROTOTYPES = YES;
				CLANG_WARN_SUSPICIOUS_MOVE = YES;
				CLANG_WARN_UNGUARDED_AVAILABILITY = YES_AGGRESSIVE;
				CLANG_WARN_UNREACHABLE_CODE = YES;
				CLANG_WARN__DUPLICATE_METHOD_MATCH = YES;
				CODE_SIGN_IDENTITY = "iPhone Developer";
				COPY_PHASE_STRIP = NO;
				DEBUG_INFORMATION_FORMAT = "dwarf-with-dsym";
				ENABLE_NS_ASSERTIONS = NO;
				ENABLE_STRICT_OBJC_MSGSEND = YES;
				GCC_C_LANGUAGE_STANDARD = gnu11;
				GCC_NO_COMMON_BLOCKS = YES;
				GCC_WARN_64_TO_32_BIT_CONVERSION = YES;
				GCC_WARN_ABOUT_RETURN_TYPE = YES_ERROR;
				GCC_WARN_UNDECLARED_SELECTOR = YES;
				GCC_WARN_UNINITIALIZED_AUTOS = YES_AGGRESSIVE;
				GCC_WARN_UNUSED_FUNCTION = YES;
				GCC_WARN_UNUSED_VARIABLE = YES;
				IPHONEOS_DEPLOYMENT_TARGET = 11.4;
				MTL_ENABLE_DEBUG_INFO = NO;
				SDKROOT = iphoneos;
				SWIFT_COMPILATION_MODE = wholemodule;
				SWIFT_OPTIMIZATION_LEVEL = "-O";
				VALIDATE_PRODUCT = YES;
			};
			name = Release;
		};
		EAC788712151E12C0018CBBE /* Debug */ = {
			isa = XCBuildConfiguration;
			buildSettings = {
				ASSETCATALOG_COMPILER_APPICON_NAME = AppIcon;
				CODE_SIGN_STYLE = Automatic;
				DEVELOPMENT_TEAM = 8JESYJX97Z;
				INFOPLIST_FILE = "Done It/Info.plist";
				LD_RUNPATH_SEARCH_PATHS = (
					"$(inherited)",
					"@executable_path/Frameworks",
				);
				PRODUCT_BUNDLE_IDENTIFIER = "com.SydneyBeal.Done-It";
				PRODUCT_NAME = "$(TARGET_NAME)";
				SWIFT_VERSION = 4.0;
				TARGETED_DEVICE_FAMILY = "1,2";
			};
			name = Debug;
		};
		EAC788722151E12C0018CBBE /* Release */ = {
			isa = XCBuildConfiguration;
			buildSettings = {
				ASSETCATALOG_COMPILER_APPICON_NAME = AppIcon;
				CODE_SIGN_STYLE = Automatic;
				DEVELOPMENT_TEAM = 8JESYJX97Z;
				INFOPLIST_FILE = "Done It/Info.plist";
				LD_RUNPATH_SEARCH_PATHS = (
					"$(inherited)",
					"@executable_path/Frameworks",
				);
				PRODUCT_BUNDLE_IDENTIFIER = "com.SydneyBeal.Done-It";
				PRODUCT_NAME = "$(TARGET_NAME)";
				SWIFT_VERSION = 4.0;
				TARGETED_DEVICE_FAMILY = "1,2";
			};
			name = Release;
		};
/* End XCBuildConfiguration section */

/* Begin XCConfigurationList section */
		EAC788592151E1280018CBBE /* Build configuration list for PBXProject "Done It" */ = {
			isa = XCConfigurationList;
			buildConfigurations = (
				EAC7886E2151E12C0018CBBE /* Debug */,
				EAC7886F2151E12C0018CBBE /* Release */,
			);
			defaultConfigurationIsVisible = 0;
			defaultConfigurationName = Release;
		};
		EAC788702151E12C0018CBBE /* Build configuration list for PBXNativeTarget "Done It" */ = {
			isa = XCConfigurationList;
			buildConfigurations = (
				EAC788712151E12C0018CBBE /* Debug */,
				EAC788722151E12C0018CBBE /* Release */,
			);
			defaultConfigurationIsVisible = 0;
			defaultConfigurationName = Release;
		};
/* End XCConfigurationList section */
	};
	rootObject = EAC788562151E1280018CBBE /* Project object */;
}
